Microsoft Visual Studio Solution File, Format Version 12.00
# Visual Studio Version 17
VisualStudioVersion = 17.5.2.0
MinimumVisualStudioVersion = 10.0.40219.1
Project("{2150E333-8FDC-42A3-9474-1A3956D46DE8}") = "CSharp", "CSharp", "{B41BF331-FCCB-2ADF-CDB6-767964B34647}"
EndProject
Project("{FAE04EC0-301F-11D3-BF4B-00C04F79EFBC}") = "AoC2025", "CSharp\AoC2025\AoC2025.csproj", "{355352CD-D23F-7F97-8AD7-4F48F5608772}"
EndProject
Global
	GlobalSection(SolutionConfigurationPlatforms) = preSolution
		Debug|Any CPU = Debug|Any CPU
		Release|Any CPU = Release|Any CPU
	EndGlobalSection
	GlobalSection(ProjectConfigurationPlatforms) = postSolution
		{355352CD-D23F-7F97-8AD7-4F48F5608772}.Debug|Any CPU.ActiveCfg = Debug|Any CPU
		{355352CD-D23F-7F97-8AD7-4F48F5608772}.Debug|Any CPU.Build.0 = Debug|Any CPU
		{355352CD-D23F-7F97-8AD7-4F48F5608772}.Release|Any CPU.ActiveCfg = Release|Any CPU
		{355352CD-D23F-7F97-8AD7-4F48F5608772}.Release|Any CPU.Build.0 = Release|Any CPU
	EndGlobalSection
	GlobalSection(SolutionProperties) = preSolution
		HideSolutionNode = FALSE
	EndGlobalSection
	GlobalSection(NestedProjects) = preSolution
		{355352CD-D23F-7F97-8AD7-4F48F5608772} = {B41BF331-FCCB-2ADF-CDB6-767964B34647}
	EndGlobalSection
	GlobalSection(ExtensibilityGlobals) = postSolution
		SolutionGuid = {9348937D-F4C0-4424-9CBC-B17B4C423336}
	EndGlobalSection
EndGlobal
